
Microsoft Visual Studio Solution File, Format Version 12.00
# Visual Studio Version 16
VisualStudioVersion = 16.0.31205.134
MinimumVisualStudioVersion = 10.0.40219.1
Project("{FAE04EC0-301F-11D3-BF4B-00C04F79EFBC}") = "figury", "figury\figury.csproj", "{A26CA0C9-2CDA-44E0-BF16-23C222F0A565}"
EndProject
Global
	GlobalSection(SolutionConfigurationPlatforms) = preSolution
		Debug|Any CPU = Debug|Any CPU
		Release|Any CPU = Release|Any CPU
	EndGlobalSection
	GlobalSection(ProjectConfigurationPlatforms) = postSolution
		{A26CA0C9-2CDA-44E0-BF16-23C222F0A565}.Debug|Any CPU.ActiveCfg = Debug|Any CPU
		{A26CA0C9-2CDA-44E0-BF16-23C222F0A565}.Debug|Any CPU.Build.0 = Debug|Any CPU
		{A26CA0C9-2CDA-44E0-BF16-23C222F0A565}.Release|Any CPU.ActiveCfg = Release|Any CPU
		{A26CA0C9-2CDA-44E0-BF16-23C222F0A565}.Release|Any CPU.Build.0 = Release|Any CPU
	EndGlobalSection
	GlobalSection(SolutionProperties) = preSolution
		HideSolutionNode = FALSE
	EndGlobalSection
	GlobalSection(ExtensibilityGlobals) = postSolution
		SolutionGuid = {30A8E0BC-7FD3-43F8-8CA6-442115D49215}
	EndGlobalSection
EndGlobal
